// !$*UTF8*$!
{
	archiveVersion = 1;
	classes = {
	};
	objectVersion = 46;
	objects = {

/* Begin PBXBuildFile section */
		09EDE103A1272E32377500CC /* Pods_MyUIKitTests.framework in Frameworks */ = {isa = PBXBuildFile; fileRef = 06AF2897C813EE61C7E4FFAD /* Pods_MyUIKitTests.framework */; };
		2DD9511ABF064B83CC8E0F67 /* Assets.xcassets in Resources */ = {isa = PBXBuildFile; fileRef = 2DD95F4CEB89C0C6322336D5 /* Assets.xcassets */; };
		2DD954B26C91087BA1F90061 /* ViewController.m in Sources */ = {isa = PBXBuildFile; fileRef = 2DD95CC440CCB2AEF771314E /* ViewController.m */; };
		2DD9558D07451D7BD0F52EFF /* MyUIKitUITestsLaunchTests.m in Sources */ = {isa = PBXBuildFile; fileRef = 2DD959F7B6C7A2D040D8B256 /* MyUIKitUITestsLaunchTests.m */; };
		2DD956A8CAAB49061CA98C0A /* MyUIKitTests.m in Sources */ = {isa = PBXBuildFile; fileRef = 2DD95663C83D3584DB307AD2 /* MyUIKitTests.m */; };
		2DD95C65F2FC316EC4F561FB /* main.m in Sources */ = {isa = PBXBuildFile; fileRef = 2DD95B5B2A797149B156F49F /* main.m */; };
		2DD95D7FBDA6AF79E29D6E0F /* AppDelegate.m in Sources */ = {isa = PBXBuildFile; fileRef = 2DD95819A5F3A4E1BE17B5AF /* AppDelegate.m */; };
		2DD95E438C2337F06E9729B8 /* LaunchScreen.storyboard in Resources */ = {isa = PBXBuildFile; fileRef = 2DD95F4E87318435F4B8BA42 /* LaunchScreen.storyboard */; };
		2DD95FE60A5B3D45B341E7CD /* MyUIKitUITests.m in Sources */ = {isa = PBXBuildFile; fileRef = 2DD95FCB014F081EFC1D13A1 /* MyUIKitUITests.m */; };
		55D1ACB1815F7A52ED4543C2 /* Pods_MyUIKit_MyUIKitUITests.framework in Frameworks */ = {isa = PBXBuildFile; fileRef = 8534D6A4147CBA37FB7E4B58 /* Pods_MyUIKit_MyUIKitUITests.framework */; };
		BA5EACBDE7C88674B3552693 /* Pods_MyUIKit.framework in Frameworks */ = {isa = PBXBuildFile; fileRef = 24338525870DA65B8CCB1BF9 /* Pods_MyUIKit.framework */; };
/* End PBXBuildFile section */

/* Begin PBXContainerItemProxy section */
		2DD959DF51ADF2F2D72335C0 /* PBXContainerItemProxy */ = {
			isa = PBXContainerItemProxy;
			containerPortal = 2DD95D8758ABD624113E7C0C /* Project object */;
			proxyType = 1;
			remoteGlobalIDString = 2DD95D0124E23A8599322D57;
			remoteInfo = MyUIKit;
		};
		2DD95B0DFEA1C4294D2940CF /* PBXContainerItemProxy */ = {
			isa = PBXContainerItemProxy;
			containerPortal = 2DD95D8758ABD624113E7C0C /* Project object */;
			proxyType = 1;
			remoteGlobalIDString = 2DD95D0124E23A8599322D57;
			remoteInfo = MyUIKit;
		};
/* End PBXContainerItemProxy section */

/* Begin PBXFileReference section */
		06AF2897C813EE61C7E4FFAD /* Pods_MyUIKitTests.framework */ = {isa = PBXFileReference; explicitFileType = wrapper.framework; includeInIndex = 0; path = Pods_MyUIKitTests.framework; sourceTree = BUILT_PRODUCTS_DIR; };
		24338525870DA65B8CCB1BF9 /* Pods_MyUIKit.framework */ = {isa = PBXFileReference; explicitFileType = wrapper.framework; includeInIndex = 0; path = Pods_MyUIKit.framework; sourceTree = BUILT_PRODUCTS_DIR; };
		2DD950DEE2F6F9E74CCB55A1 /* AppDelegate.h */ = {isa = PBXFileReference; lastKnownFileType = sourcecode.c.h; path = AppDelegate.h; sourceTree = "<group>"; };
		2DD95304C4E03841156BA4B2 /* MyUIKitTests.xctest */ = {isa = PBXFileReference; explicitFileType = wrapper.cfbundle; includeInIndex = 0; path = MyUIKitTests.xctest; sourceTree = BUILT_PRODUCTS_DIR; };
		2DD95349FB56C680CC50F2F0 /* MyUIKit.app */ = {isa = PBXFileReference; explicitFileType = wrapper.application; includeInIndex = 0; path = MyUIKit.app; sourceTree = BUILT_PRODUCTS_DIR; };
		2DD956638EFF9AE909A01DA2 /* ViewController.h */ = {isa = PBXFileReference; lastKnownFileType = sourcecode.c.h; path = ViewController.h; sourceTree = "<group>"; };
		2DD95663C83D3584DB307AD2 /* MyUIKitTests.m */ = {isa = PBXFileReference; lastKnownFileType = sourcecode.c.objc; path = MyUIKitTests.m; sourceTree = "<group>"; };
		2DD95819A5F3A4E1BE17B5AF /* AppDelegate.m */ = {isa = PBXFileReference; lastKnownFileType = sourcecode.c.objc; path = AppDelegate.m; sourceTree = "<group>"; };
		2DD959F7B6C7A2D040D8B256 /* MyUIKitUITestsLaunchTests.m */ = {isa = PBXFileReference; lastKnownFileType = sourcecode.c.objc; path = MyUIKitUITestsLaunchTests.m; sourceTree = "<group>"; };
		2DD95B5B2A797149B156F49F /* main.m */ = {isa = PBXFileReference; lastKnownFileType = sourcecode.c.objc; path = main.m; sourceTree = "<group>"; };
		2DD95C142F773493098DAF59 /* Info.plist */ = {isa = PBXFileReference; lastKnownFileType = text.plist.info; path = Info.plist; sourceTree = "<group>"; };
		2DD95CC440CCB2AEF771314E /* ViewController.m */ = {isa = PBXFileReference; lastKnownFileType = sourcecode.c.objc; path = ViewController.m; sourceTree = "<group>"; };
		2DD95CD5C52B30A9DD96BEE6 /* MyUIKitUITests.xctest */ = {isa = PBXFileReference; explicitFileType = wrapper.cfbundle; includeInIndex = 0; path = MyUIKitUITests.xctest; sourceTree = BUILT_PRODUCTS_DIR; };
		2DD95E92474583936D12928E /* Base */ = {isa = PBXFileReference; lastKnownFileType = file.storyboard; name = Base; path = Base.lproj/LaunchScreen.storyboard; sourceTree = "<group>"; };
		2DD95F4CEB89C0C6322336D5 /* Assets.xcassets */ = {isa = PBXFileReference; lastKnownFileType = folder.assetcatalog; path = Assets.xcassets; sourceTree = "<group>"; };
		2DD95FCB014F081EFC1D13A1 /* MyUIKitUITests.m */ = {isa = PBXFileReference; lastKnownFileType = sourcecode.c.objc; path = MyUIKitUITests.m; sourceTree = "<group>"; };
		357838E5CD1AC173CE9BF46A /* Pods-MyUIKitTests.release.xcconfig */ = {isa = PBXFileReference; includeInIndex = 1; lastKnownFileType = text.xcconfig; name = "Pods-MyUIKitTests.release.xcconfig"; path = "Target Support Files/Pods-MyUIKitTests/Pods-MyUIKitTests.release.xcconfig"; sourceTree = "<group>"; };
		6FD39C1D3C51CD98D5E94694 /* Pods-MyUIKit.debug.xcconfig */ = {isa = PBXFileReference; includeInIndex = 1; lastKnownFileType = text.xcconfig; name = "Pods-MyUIKit.debug.xcconfig"; path = "Target Support Files/Pods-MyUIKit/Pods-MyUIKit.debug.xcconfig"; sourceTree = "<group>"; };
		8367EEA925A87491CEB904B6 /* Pods-MyUIKitTests.debug.xcconfig */ = {isa = PBXFileReference; includeInIndex = 1; lastKnownFileType = text.xcconfig; name = "Pods-MyUIKitTests.debug.xcconfig"; path = "Target Support Files/Pods-MyUIKitTests/Pods-MyUIKitTests.debug.xcconfig"; sourceTree = "<group>"; };
		8534D6A4147CBA37FB7E4B58 /* Pods_MyUIKit_MyUIKitUITests.framework */ = {isa = PBXFileReference; explicitFileType = wrapper.framework; includeInIndex = 0; path = Pods_MyUIKit_MyUIKitUITests.framework; sourceTree = BUILT_PRODUCTS_DIR; };
		AA37C872C42ECE59B80C6BE4 /* Pods-MyUIKit-MyUIKitUITests.debug.xcconfig */ = {isa = PBXFileReference; includeInIndex = 1; lastKnownFileType = text.xcconfig; name = "Pods-MyUIKit-MyUIKitUITests.debug.xcconfig"; path = "Target Support Files/Pods-MyUIKit-MyUIKitUITests/Pods-MyUIKit-MyUIKitUITests.debug.xcconfig"; sourceTree = "<group>"; };
		DBFD37A7BE7D13B09350394D /* Pods-MyUIKit.release.xcconfig */ = {isa = PBXFileReference; includeInIndex = 1; lastKnownFileType = text.xcconfig; name = "Pods-MyUIKit.release.xcconfig"; path = "Target Support Files/Pods-MyUIKit/Pods-MyUIKit.release.xcconfig"; sourceTree = "<group>"; };
		F6EAFBB2BD645A4B4DFBA6A1 /* Pods-MyUIKit-MyUIKitUITests.release.xcconfig */ = {isa = PBXFileReference; includeInIndex = 1; lastKnownFileType = text.xcconfig; name = "Pods-MyUIKit-MyUIKitUITests.release.xcconfig"; path = "Target Support Files/Pods-MyUIKit-MyUIKitUITests/Pods-MyUIKit-MyUIKitUITests.release.xcconfig"; sourceTree = "<group>"; };
/* End PBXFileReference section */

/* Begin PBXFrameworksBuildPhase section */
		2DD952F9FF346FFF2F6CDF48 /* Frameworks */ = {
			isa = PBXFrameworksBuildPhase;
			buildActionMask = 2147483647;
			files = (
				09EDE103A1272E32377500CC /* Pods_MyUIKitTests.framework in Frameworks */,
			);
			runOnlyForDeploymentPostprocessing = 0;
		};
		2DD95C0CA909CD7738761A3D /* Frameworks */ = {
			isa = PBXFrameworksBuildPhase;
			buildActionMask = 2147483647;
			files = (
				BA5EACBDE7C88674B3552693 /* Pods_MyUIKit.framework in Frameworks */,
			);
			runOnlyForDeploymentPostprocessing = 0;
		};
		2DD95ED6FCBEA8D04655A6F6 /* Frameworks */ = {
			isa = PBXFrameworksBuildPhase;
			buildActionMask = 2147483647;
			files = (
				55D1ACB1815F7A52ED4543C2 /* Pods_MyUIKit_MyUIKitUITests.framework in Frameworks */,
			);
			runOnlyForDeploymentPostprocessing = 0;
		};
/* End PBXFrameworksBuildPhase section */

/* Begin PBXGroup section */
		2DD95486CF1F39EEDC3C6452 = {
			isa = PBXGroup;
			children = (
				2DD9554E5E9682ECD5E4A6D9 /* Products */,
				2DD95DC6F85E02BEAFB135E0 /* MyUIKit */,
				2DD9596AE53F3C76CB3B58A5 /* MyUIKitTests */,
				2DD95D7E88623BED26C92B0C /* MyUIKitUITests */,
				46B0819FA088197484FD7C6D /* Pods */,
				713BA309B1316188BB49C987 /* Frameworks */,
			);
			sourceTree = "<group>";
		};
		2DD9554E5E9682ECD5E4A6D9 /* Products */ = {
			isa = PBXGroup;
			children = (
				2DD95349FB56C680CC50F2F0 /* MyUIKit.app */,
				2DD95304C4E03841156BA4B2 /* MyUIKitTests.xctest */,
				2DD95CD5C52B30A9DD96BEE6 /* MyUIKitUITests.xctest */,
			);
			name = Products;
			sourceTree = "<group>";
		};
		2DD9596AE53F3C76CB3B58A5 /* MyUIKitTests */ = {
			isa = PBXGroup;
			children = (
				2DD95663C83D3584DB307AD2 /* MyUIKitTests.m */,
			);
			path = MyUIKitTests;
			sourceTree = "<group>";
		};
		2DD95D7E88623BED26C92B0C /* MyUIKitUITests */ = {
			isa = PBXGroup;
			children = (
				2DD95FCB014F081EFC1D13A1 /* MyUIKitUITests.m */,
				2DD959F7B6C7A2D040D8B256 /* MyUIKitUITestsLaunchTests.m */,
			);
			path = MyUIKitUITests;
			sourceTree = "<group>";
		};
		2DD95DC6F85E02BEAFB135E0 /* MyUIKit */ = {
			isa = PBXGroup;
			children = (
				2DD95F4CEB89C0C6322336D5 /* Assets.xcassets */,
				2DD95B5B2A797149B156F49F /* main.m */,
				2DD950DEE2F6F9E74CCB55A1 /* AppDelegate.h */,
				2DD95819A5F3A4E1BE17B5AF /* AppDelegate.m */,
				2DD95F4E87318435F4B8BA42 /* LaunchScreen.storyboard */,
				2DD95C142F773493098DAF59 /* Info.plist */,
				2DD956638EFF9AE909A01DA2 /* ViewController.h */,
				2DD95CC440CCB2AEF771314E /* ViewController.m */,
			);
			path = MyUIKit;
			sourceTree = "<group>";
		};
		46B0819FA088197484FD7C6D /* Pods */ = {
			isa = PBXGroup;
			children = (
				6FD39C1D3C51CD98D5E94694 /* Pods-MyUIKit.debug.xcconfig */,
				DBFD37A7BE7D13B09350394D /* Pods-MyUIKit.release.xcconfig */,
				AA37C872C42ECE59B80C6BE4 /* Pods-MyUIKit-MyUIKitUITests.debug.xcconfig */,
				F6EAFBB2BD645A4B4DFBA6A1 /* Pods-MyUIKit-MyUIKitUITests.release.xcconfig */,
				8367EEA925A87491CEB904B6 /* Pods-MyUIKitTests.debug.xcconfig */,
				357838E5CD1AC173CE9BF46A /* Pods-MyUIKitTests.release.xcconfig */,
			);
			name = Pods;
			path = Pods;
			sourceTree = "<group>";
		};
		713BA309B1316188BB49C987 /* Frameworks */ = {
			isa = PBXGroup;
			children = (
				24338525870DA65B8CCB1BF9 /* Pods_MyUIKit.framework */,
				8534D6A4147CBA37FB7E4B58 /* Pods_MyUIKit_MyUIKitUITests.framework */,
				06AF2897C813EE61C7E4FFAD /* Pods_MyUIKitTests.framework */,
			);
			name = Frameworks;
			sourceTree = "<group>";
		};
/* End PBXGroup section */

/* Begin PBXNativeTarget section */
		2DD951964411EFB6BF63AA97 /* MyUIKitUITests */ = {
			isa = PBXNativeTarget;
			buildConfigurationList = 2DD954068F703D0C96E7C203 /* Build configuration list for PBXNativeTarget "MyUIKitUITests" */;
			buildPhases = (
				2CC03AE981473F22B2FE5623 /* [CP] Check Pods Manifest.lock */,
				2DD9522065DC99AE2A01CE09 /* Sources */,
				2DD95ED6FCBEA8D04655A6F6 /* Frameworks */,
				2DD957E2D1BB27290947643C /* Resources */,
				367E8F79D7DD52C7422762C7 /* [CP] Embed Pods Frameworks */,
			);
			buildRules = (
			);
			dependencies = (
				2DD955FE0038739AAD90A724 /* PBXTargetDependency */,
			);
			name = MyUIKitUITests;
			productName = MyUIKitUITests;
			productReference = 2DD95CD5C52B30A9DD96BEE6 /* MyUIKitUITests.xctest */;
			productType = "com.apple.product-type.bundle.ui-testing";
		};
		2DD9589F9E71A2E7E816DB22 /* MyUIKitTests */ = {
			isa = PBXNativeTarget;
			buildConfigurationList = 2DD9543507B28A77E3E16F42 /* Build configuration list for PBXNativeTarget "MyUIKitTests" */;
			buildPhases = (
				25B6344732801AD0A146D52C /* [CP] Check Pods Manifest.lock */,
				2DD95F5FA887A8A2840A7897 /* Sources */,
				2DD952F9FF346FFF2F6CDF48 /* Frameworks */,
				2DD952002A9E1566A65B510B /* Resources */,
			);
			buildRules = (
			);
			dependencies = (
				2DD95BB7545876061A58780C /* PBXTargetDependency */,
			);
			name = MyUIKitTests;
			productName = MyUIKitTests;
			productReference = 2DD95304C4E03841156BA4B2 /* MyUIKitTests.xctest */;
			productType = "com.apple.product-type.bundle.unit-test";
		};
		2DD95D0124E23A8599322D57 /* MyUIKit */ = {
			isa = PBXNativeTarget;
			buildConfigurationList = 2DD95669FDC39206A4345284 /* Build configuration list for PBXNativeTarget "MyUIKit" */;
			buildPhases = (
				1C4206AF2D1370E7F697F73E /* [CP] Check Pods Manifest.lock */,
				2DD95102D94160D420C3716D /* Sources */,
				2DD95C0CA909CD7738761A3D /* Frameworks */,
				2DD958F9C88B243BD03BC9E9 /* Resources */,
				59E5E308A98E177CEC87C139 /* [CP] Embed Pods Frameworks */,
			);
			buildRules = (
			);
			dependencies = (
			);
			name = MyUIKit;
			productName = MyUIKit;
			productReference = 2DD95349FB56C680CC50F2F0 /* MyUIKit.app */;
			productType = "com.apple.product-type.application";
		};
/* End PBXNativeTarget section */

/* Begin PBXProject section */
		2DD95D8758ABD624113E7C0C /* Project object */ = {
			isa = PBXProject;
			attributes = {
			};
			buildConfigurationList = 2DD955F1266D4FCC2EB00B15 /* Build configuration list for PBXProject "MyUIKit" */;
			compatibilityVersion = "Xcode 3.2";
			developmentRegion = English;
			hasScannedForEncodings = 0;
			knownRegions = (
				English,
				en,
				Base,
			);
			mainGroup = 2DD95486CF1F39EEDC3C6452;
			productRefGroup = 2DD9554E5E9682ECD5E4A6D9 /* Products */;
			projectDirPath = "";
			projectRoot = "";
			targets = (
				2DD95D0124E23A8599322D57 /* MyUIKit */,
				2DD9589F9E71A2E7E816DB22 /* MyUIKitTests */,
				2DD951964411EFB6BF63AA97 /* MyUIKitUITests */,
			);
		};
/* End PBXProject section */

/* Begin PBXResourcesBuildPhase section */
		2DD952002A9E1566A65B510B /* Resources */ = {
			isa = PBXResourcesBuildPhase;
			buildActionMask = 2147483647;
			files = (
			);
			runOnlyForDeploymentPostprocessing = 0;
		};
		2DD957E2D1BB27290947643C /* Resources */ = {
			isa = PBXResourcesBuildPhase;
			buildActionMask = 2147483647;
			files = (
			);
			runOnlyForDeploymentPostprocessing = 0;
		};
		2DD958F9C88B243BD03BC9E9 /* Resources */ = {
			isa = PBXResourcesBuildPhase;
			buildActionMask = 2147483647;
			files = (
				2DD9511ABF064B83CC8E0F67 /* Assets.xcassets in Resources */,
				2DD95E438C2337F06E9729B8 /* LaunchScreen.storyboard in Resources */,
			);
			runOnlyForDeploymentPostprocessing = 0;
		};
/* End PBXResourcesBuildPhase section */

/* Begin PBXShellScriptBuildPhase section */
		1C4206AF2D1370E7F697F73E /* [CP] Check Pods Manifest.lock */ = {
			isa = PBXShellScriptBuildPhase;
			buildActionMask = 2147483647;
			files = (
			);
			inputFileListPaths = (
			);
			inputPaths = (
				"${PODS_PODFILE_DIR_PATH}/Podfile.lock",
				"${PODS_ROOT}/Manifest.lock",
			);
			name = "[CP] Check Pods Manifest.lock";
			outputFileListPaths = (
			);
			outputPaths = (
				"$(DERIVED_FILE_DIR)/Pods-MyUIKit-checkManifestLockResult.txt",
			);
			runOnlyForDeploymentPostprocessing = 0;
			shellPath = /bin/sh;
			shellScript = "diff \"${PODS_PODFILE_DIR_PATH}/Podfile.lock\" \"${PODS_ROOT}/Manifest.lock\" > /dev/null\nif [ $? != 0 ] ; then\n    # print error to STDERR\n    echo \"error: The sandbox is not in sync with the Podfile.lock. Run 'pod install' or update your CocoaPods installation.\" >&2\n    exit 1\nfi\n# This output is used by Xcode 'outputs' to avoid re-running this script phase.\necho \"SUCCESS\" > \"${SCRIPT_OUTPUT_FILE_0}\"\n";
			showEnvVarsInLog = 0;
		};
		25B6344732801AD0A146D52C /* [CP] Check Pods Manifest.lock */ = {
			isa = PBXShellScriptBuildPhase;
			buildActionMask = 2147483647;
			files = (
			);
			inputFileListPaths = (
			);
			inputPaths = (
				"${PODS_PODFILE_DIR_PATH}/Podfile.lock",
				"${PODS_ROOT}/Manifest.lock",
			);
			name = "[CP] Check Pods Manifest.lock";
			outputFileListPaths = (
			);
			outputPaths = (
				"$(DERIVED_FILE_DIR)/Pods-MyUIKitTests-checkManifestLockResult.txt",
			);
			runOnlyForDeploymentPostprocessing = 0;
			shellPath = /bin/sh;
			shellScript = "diff \"${PODS_PODFILE_DIR_PATH}/Podfile.lock\" \"${PODS_ROOT}/Manifest.lock\" > /dev/null\nif [ $? != 0 ] ; then\n    # print error to STDERR\n    echo \"error: The sandbox is not in sync with the Podfile.lock. Run 'pod install' or update your CocoaPods installation.\" >&2\n    exit 1\nfi\n# This output is used by Xcode 'outputs' to avoid re-running this script phase.\necho \"SUCCESS\" > \"${SCRIPT_OUTPUT_FILE_0}\"\n";
			showEnvVarsInLog = 0;
		};
		2CC03AE981473F22B2FE5623 /* [CP] Check Pods Manifest.lock */ = {
			isa = PBXShellScriptBuildPhase;
			buildActionMask = 2147483647;
			files = (
			);
			inputFileListPaths = (
			);
			inputPaths = (
				"${PODS_PODFILE_DIR_PATH}/Podfile.lock",
				"${PODS_ROOT}/Manifest.lock",
			);
			name = "[CP] Check Pods Manifest.lock";
			outputFileListPaths = (
			);
			outputPaths = (
				"$(DERIVED_FILE_DIR)/Pods-MyUIKit-MyUIKitUITests-checkManifestLockResult.txt",
			);
			runOnlyForDeploymentPostprocessing = 0;
			shellPath = /bin/sh;
			shellScript = "diff \"${PODS_PODFILE_DIR_PATH}/Podfile.lock\" \"${PODS_ROOT}/Manifest.lock\" > /dev/null\nif [ $? != 0 ] ; then\n    # print error to STDERR\n    echo \"error: The sandbox is not in sync with the Podfile.lock. Run 'pod install' or update your CocoaPods installation.\" >&2\n    exit 1\nfi\n# This output is used by Xcode 'outputs' to avoid re-running this script phase.\necho \"SUCCESS\" > \"${SCRIPT_OUTPUT_FILE_0}\"\n";
			showEnvVarsInLog = 0;
		};
		367E8F79D7DD52C7422762C7 /* [CP] Embed Pods Frameworks */ = {
			isa = PBXShellScriptBuildPhase;
			buildActionMask = 2147483647;
			files = (
			);
			inputPaths = (
				"${PODS_ROOT}/Target Support Files/Pods-MyUIKit-MyUIKitUITests/Pods-MyUIKit-MyUIKitUITests-frameworks.sh",
				"${BUILT_PRODUCTS_DIR}/Masonry/Masonry.framework",
			);
			name = "[CP] Embed Pods Frameworks";
			outputPaths = (
				"${TARGET_BUILD_DIR}/${FRAMEWORKS_FOLDER_PATH}/Masonry.framework",
			);
			runOnlyForDeploymentPostprocessing = 0;
			shellPath = /bin/sh;
			shellScript = "\"${PODS_ROOT}/Target Support Files/Pods-MyUIKit-MyUIKitUITests/Pods-MyUIKit-MyUIKitUITests-frameworks.sh\"\n";
			showEnvVarsInLog = 0;
		};
		59E5E308A98E177CEC87C139 /* [CP] Embed Pods Frameworks */ = {
			isa = PBXShellScriptBuildPhase;
			buildActionMask = 2147483647;
			files = (
			);
			inputPaths = (
				"${PODS_ROOT}/Target Support Files/Pods-MyUIKit/Pods-MyUIKit-frameworks.sh",
				"${BUILT_PRODUCTS_DIR}/Masonry/Masonry.framework",
			);
			name = "[CP] Embed Pods Frameworks";
			outputPaths = (
				"${TARGET_BUILD_DIR}/${FRAMEWORKS_FOLDER_PATH}/Masonry.framework",
			);
			runOnlyForDeploymentPostprocessing = 0;
			shellPath = /bin/sh;
			shellScript = "\"${PODS_ROOT}/Target Support Files/Pods-MyUIKit/Pods-MyUIKit-frameworks.sh\"\n";
			showEnvVarsInLog = 0;
		};
/* End PBXShellScriptBuildPhase section */

/* Begin PBXSourcesBuildPhase section */
		2DD95102D94160D420C3716D /* Sources */ = {
			isa = PBXSourcesBuildPhase;
			buildActionMask = 2147483647;
			files = (
				2DD95C65F2FC316EC4F561FB /* main.m in Sources */,
				2DD95D7FBDA6AF79E29D6E0F /* AppDelegate.m in Sources */,
				2DD954B26C91087BA1F90061 /* ViewController.m in Sources */,
			);
			runOnlyForDeploymentPostprocessing = 0;
		};
		2DD9522065DC99AE2A01CE09 /* Sources */ = {
			isa = PBXSourcesBuildPhase;
			buildActionMask = 2147483647;
			files = (
				2DD95FE60A5B3D45B341E7CD /* MyUIKitUITests.m in Sources */,
				2DD9558D07451D7BD0F52EFF /* MyUIKitUITestsLaunchTests.m in Sources */,
			);
			runOnlyForDeploymentPostprocessing = 0;
		};
		2DD95F5FA887A8A2840A7897 /* Sources */ = {
			isa = PBXSourcesBuildPhase;
			buildActionMask = 2147483647;
			files = (
				2DD956A8CAAB49061CA98C0A /* MyUIKitTests.m in Sources */,
			);
			runOnlyForDeploymentPostprocessing = 0;
		};
/* End PBXSourcesBuildPhase section */

/* Begin PBXTargetDependency section */
		2DD955FE0038739AAD90A724 /* PBXTargetDependency */ = {
			isa = PBXTargetDependency;
			target = 2DD95D0124E23A8599322D57 /* MyUIKit */;
			targetProxy = 2DD95B0DFEA1C4294D2940CF /* PBXContainerItemProxy */;
		};
		2DD95BB7545876061A58780C /* PBXTargetDependency */ = {
			isa = PBXTargetDependency;
			target = 2DD95D0124E23A8599322D57 /* MyUIKit */;
			targetProxy = 2DD959DF51ADF2F2D72335C0 /* PBXContainerItemProxy */;
		};
/* End PBXTargetDependency section */

/* Begin PBXVariantGroup section */
		2DD95F4E87318435F4B8BA42 /* LaunchScreen.storyboard */ = {
			isa = PBXVariantGroup;
			children = (
				2DD95E92474583936D12928E /* Base */,
			);
			name = LaunchScreen.storyboard;
			sourceTree = "<group>";
		};
/* End PBXVariantGroup section */

/* Begin XCBuildConfiguration section */
		2DD950EDEB6A338D53EA7E91 /* Debug */ = {
			isa = XCBuildConfiguration;
			baseConfigurationReference = AA37C872C42ECE59B80C6BE4 /* Pods-MyUIKit-MyUIKitUITests.debug.xcconfig */;
			buildSettings = {
				CURRENT_PROJECT_VERSION = 1;
				GENERATE_INFOPLIST_FILE = YES;
				MARKETING_VERSION = 1.0;
				PRODUCT_BUNDLE_IDENTIFIER = com.atcumt.example.MyUIKitUITests;
				PRODUCT_NAME = "$(TARGET_NAME)";
				SWIFT_EMIT_LOC_STRINGS = NO;
				TARGETED_DEVICE_FAMILY = "1,2";
				TEST_TARGET_NAME = MyUIKit;
			};
			name = Debug;
		};
		2DD95486E4FC73192805DAAE /* Release */ = {
			isa = XCBuildConfiguration;
			buildSettings = {
				ALWAYS_SEARCH_USER_PATHS = NO;
				CLANG_ANALYZER_NONNULL = YES;
				CLANG_ANALYZER_NUMBER_OBJECT_CONVERSION = YES_AGGRESSIVE;
				CLANG_CXX_LANGUAGE_STANDARD = "gnu++17";
				CLANG_ENABLE_MODULES = YES;
				CLANG_ENABLE_OBJC_ARC = YES;
				CLANG_ENABLE_OBJC_WEAK = YES;
				CLANG_WARN_BLOCK_CAPTURE_AUTORELEASING = YES;
				CLANG_WARN_BOOL_CONVERSION = YES;
				CLANG_WARN_COMMA = YES;
				CLANG_WARN_CONSTANT_CONVERSION = YES;
				CLANG_WARN_DEPRECATED_OBJC_IMPLEMENTATIONS = YES;
				CLANG_WARN_DIRECT_OBJC_ISA_USAGE = YES_ERROR;
				CLANG_WARN_DOCUMENTATION_COMMENTS = YES;
				CLANG_WARN_EMPTY_BODY = YES;
				CLANG_WARN_ENUM_CONVERSION = YES;
				CLANG_WARN_INFINITE_RECURSION = YES;
				CLANG_WARN_INT_CONVERSION = YES;
				CLANG_WARN_NON_LITERAL_NULL_CONVERSION = YES;
				CLANG_WARN_OBJC_IMPLICIT_RETAIN_SELF = YES;
				CLANG_WARN_OBJC_LITERAL_CONVERSION = YES;
				CLANG_WARN_OBJC_ROOT_CLASS = YES_ERROR;
				CLANG_WARN_QUOTED_INCLUDE_IN_FRAMEWORK_HEADER = YES;
				CLANG_WARN_RANGE_LOOP_ANALYSIS = YES;
				CLANG_WARN_STRICT_PROTOTYPES = YES;
				CLANG_WARN_SUSPICIOUS_MOVE = YES;
				CLANG_WARN_UNGUARDED_AVAILABILITY = YES_AGGRESSIVE;
				CLANG_WARN_UNREACHABLE_CODE = YES;
				CLANG_WARN__DUPLICATE_METHOD_MATCH = YES;
				COPY_PHASE_STRIP = NO;
				DEBUG_INFORMATION_FORMAT = "dwarf-with-dsym";
				ENABLE_NS_ASSERTIONS = NO;
				ENABLE_STRICT_OBJC_MSGSEND = YES;
				GCC_C_LANGUAGE_STANDARD = gnu11;
				GCC_NO_COMMON_BLOCKS = YES;
				GCC_WARN_64_TO_32_BIT_CONVERSION = YES;
				GCC_WARN_ABOUT_RETURN_TYPE = YES_ERROR;
				GCC_WARN_UNDECLARED_SELECTOR = YES;
				GCC_WARN_UNINITIALIZED_AUTOS = YES_AGGRESSIVE;
				GCC_WARN_UNUSED_FUNCTION = YES;
				GCC_WARN_UNUSED_VARIABLE = YES;
				IPHONEOS_DEPLOYMENT_TARGET = 15.4;
				MTL_ENABLE_DEBUG_INFO = NO;
				MTL_FAST_MATH = YES;
				SDKROOT = iphoneos;
				VALIDATE_PRODUCT = YES;
			};
			name = Release;
		};
		2DD95925E256A0626586E5E9 /* Debug */ = {
			isa = XCBuildConfiguration;
			baseConfigurationReference = 8367EEA925A87491CEB904B6 /* Pods-MyUIKitTests.debug.xcconfig */;
			buildSettings = {
				BUNDLE_LOADER = "$(BUILT_PRODUCTS_DIR)/MyUIKit.app/MyUIKit";
				CURRENT_PROJECT_VERSION = 1;
				GENERATE_INFOPLIST_FILE = YES;
				MARKETING_VERSION = 1.0;
				PRODUCT_BUNDLE_IDENTIFIER = com.atcumt.example.MyUIKitTests;
				PRODUCT_NAME = "$(TARGET_NAME)";
				SWIFT_EMIT_LOC_STRINGS = NO;
				TARGETED_DEVICE_FAMILY = "1,2";
				TEST_HOST = "$(BUNDLE_LOADER)";
			};
			name = Debug;
		};
		2DD959392C206B8F1CEB0CA1 /* Release */ = {
			isa = XCBuildConfiguration;
			baseConfigurationReference = F6EAFBB2BD645A4B4DFBA6A1 /* Pods-MyUIKit-MyUIKitUITests.release.xcconfig */;
			buildSettings = {
				CURRENT_PROJECT_VERSION = 1;
				GENERATE_INFOPLIST_FILE = YES;
				MARKETING_VERSION = 1.0;
				PRODUCT_BUNDLE_IDENTIFIER = com.atcumt.example.MyUIKitUITests;
				PRODUCT_NAME = "$(TARGET_NAME)";
				SWIFT_EMIT_LOC_STRINGS = NO;
				TARGETED_DEVICE_FAMILY = "1,2";
				TEST_TARGET_NAME = MyUIKit;
			};
			name = Release;
		};
		2DD95A7CD4935FB4429F979B /* Release */ = {
			isa = XCBuildConfiguration;
			baseConfigurationReference = DBFD37A7BE7D13B09350394D /* Pods-MyUIKit.release.xcconfig */;
			buildSettings = {
				ASSETCATALOG_COMPILER_APPICON_NAME = AppIcon;
				ASSETCATALOG_COMPILER_GLOBAL_ACCENT_COLOR_NAME = AccentColor;
				CURRENT_PROJECT_VERSION = 1;
				GENERATE_INFOPLIST_FILE = YES;
				INFOPLIST_FILE = MyUIKit/Info.plist;
				INFOPLIST_KEY_UIApplicationSupportsIndirectInputEvents = YES;
				INFOPLIST_KEY_UILaunchStoryboardName = LaunchScreen;
				INFOPLIST_KEY_UISupportedInterfaceOrientations_iPad = "UIInterfaceOrientationPortrait UIInterfaceOrientationPortraitUpsideDown UIInterfaceOrientationLandscapeLeft UIInterfaceOrientationLandscapeRight";
				INFOPLIST_KEY_UISupportedInterfaceOrientations_iPhone = "UIInterfaceOrientationPortrait UIInterfaceOrientationLandscapeLeft UIInterfaceOrientationLandscapeRight";
				LD_RUNPATH_SEARCH_PATHS = "$(inherited) @executable_path/Frameworks";
				MARKETING_VERSION = 1.0;
				PRODUCT_BUNDLE_IDENTIFIER = com.atcumt.example.MyUIKit;
				PRODUCT_NAME = "$(TARGET_NAME)";
				SWIFT_EMIT_LOC_STRINGS = YES;
				TARGETED_DEVICE_FAMILY = "1,2";
			};
			name = Release;
		};
		2DD95B90D5185DE0E7B59F9B /* Debug */ = {
			isa = XCBuildConfiguration;
			baseConfigurationReference = 6FD39C1D3C51CD98D5E94694 /* Pods-MyUIKit.debug.xcconfig */;
			buildSettings = {
				ASSETCATALOG_COMPILER_APPICON_NAME = AppIcon;
				ASSETCATALOG_COMPILER_GLOBAL_ACCENT_COLOR_NAME = AccentColor;
				CURRENT_PROJECT_VERSION = 1;
				GENERATE_INFOPLIST_FILE = YES;
				INFOPLIST_FILE = MyUIKit/Info.plist;
				INFOPLIST_KEY_UIApplicationSupportsIndirectInputEvents = YES;
				INFOPLIST_KEY_UILaunchStoryboardName = LaunchScreen;
				INFOPLIST_KEY_UISupportedInterfaceOrientations_iPad = "UIInterfaceOrientationPortrait UIInterfaceOrientationPortraitUpsideDown UIInterfaceOrientationLandscapeLeft UIInterfaceOrientationLandscapeRight";
				INFOPLIST_KEY_UISupportedInterfaceOrientations_iPhone = "UIInterfaceOrientationPortrait UIInterfaceOrientationLandscapeLeft UIInterfaceOrientationLandscapeRight";
				LD_RUNPATH_SEARCH_PATHS = "$(inherited) @executable_path/Frameworks";
				MARKETING_VERSION = 1.0;
				PRODUCT_BUNDLE_IDENTIFIER = com.atcumt.example.MyUIKit;
				PRODUCT_NAME = "$(TARGET_NAME)";
				SWIFT_EMIT_LOC_STRINGS = YES;
				TARGETED_DEVICE_FAMILY = "1,2";
			};
			name = Debug;
		};
		2DD95DEA2F7A1A8AEE9A7E22 /* Release */ = {
			isa = XCBuildConfiguration;
			baseConfigurationReference = 357838E5CD1AC173CE9BF46A /* Pods-MyUIKitTests.release.xcconfig */;
			buildSettings = {
				BUNDLE_LOADER = "$(BUILT_PRODUCTS_DIR)/MyUIKit.app/MyUIKit";
				CURRENT_PROJECT_VERSION = 1;
				GENERATE_INFOPLIST_FILE = YES;
				MARKETING_VERSION = 1.0;
				PRODUCT_BUNDLE_IDENTIFIER = com.atcumt.example.MyUIKitTests;
				PRODUCT_NAME = "$(TARGET_NAME)";
				SWIFT_EMIT_LOC_STRINGS = NO;
				TARGETED_DEVICE_FAMILY = "1,2";
				TEST_HOST = "$(BUNDLE_LOADER)";
			};
			name = Release;
		};
		2DD95E79BD6FB3FC6432B506 /* Debug */ = {
			isa = XCBuildConfiguration;
			buildSettings = {
				ALWAYS_SEARCH_USER_PATHS = NO;
				CLANG_ANALYZER_NONNULL = YES;
				CLANG_ANALYZER_NUMBER_OBJECT_CONVERSION = YES_AGGRESSIVE;
				CLANG_CXX_LANGUAGE_STANDARD = "gnu++17";
				CLANG_ENABLE_MODULES = YES;
				CLANG_ENABLE_OBJC_ARC = YES;
				CLANG_ENABLE_OBJC_WEAK = YES;
				CLANG_WARN_BLOCK_CAPTURE_AUTORELEASING = YES;
				CLANG_WARN_BOOL_CONVERSION = YES;
				CLANG_WARN_COMMA = YES;
				CLANG_WARN_CONSTANT_CONVERSION = YES;
				CLANG_WARN_DEPRECATED_OBJC_IMPLEMENTATIONS = YES;
				CLANG_WARN_DIRECT_OBJC_ISA_USAGE = YES_ERROR;
				CLANG_WARN_DOCUMENTATION_COMMENTS = YES;
				CLANG_WARN_EMPTY_BODY = YES;
				CLANG_WARN_ENUM_CONVERSION = YES;
				CLANG_WARN_INFINITE_RECURSION = YES;
				CLANG_WARN_INT_CONVERSION = YES;
				CLANG_WARN_NON_LITERAL_NULL_CONVERSION = YES;
				CLANG_WARN_OBJC_IMPLICIT_RETAIN_SELF = YES;
				CLANG_WARN_OBJC_LITERAL_CONVERSION = YES;
				CLANG_WARN_OBJC_ROOT_CLASS = YES_ERROR;
				CLANG_WARN_QUOTED_INCLUDE_IN_FRAMEWORK_HEADER = YES;
				CLANG_WARN_RANGE_LOOP_ANALYSIS = YES;
				CLANG_WARN_STRICT_PROTOTYPES = YES;
				CLANG_WARN_SUSPICIOUS_MOVE = YES;
				CLANG_WARN_UNGUARDED_AVAILABILITY = YES_AGGRESSIVE;
				CLANG_WARN_UNREACHABLE_CODE = YES;
				CLANG_WARN__DUPLICATE_METHOD_MATCH = YES;
				COPY_PHASE_STRIP = NO;
				DEBUG_INFORMATION_FORMAT = dwarf;
				ENABLE_STRICT_OBJC_MSGSEND = YES;
				ENABLE_TESTABILITY = YES;
				GCC_C_LANGUAGE_STANDARD = gnu11;
				GCC_DYNAMIC_NO_PIC = NO;
				GCC_NO_COMMON_BLOCKS = YES;
				GCC_OPTIMIZATION_LEVEL = 0;
				GCC_PREPROCESSOR_DEFINITIONS = (
					"DEBUG=1",
					"$(inherited)",
				);
				GCC_WARN_64_TO_32_BIT_CONVERSION = YES;
				GCC_WARN_ABOUT_RETURN_TYPE = YES_ERROR;
				GCC_WARN_UNDECLARED_SELECTOR = YES;
				GCC_WARN_UNINITIALIZED_AUTOS = YES_AGGRESSIVE;
				GCC_WARN_UNUSED_FUNCTION = YES;
				GCC_WARN_UNUSED_VARIABLE = YES;
				IPHONEOS_DEPLOYMENT_TARGET = 15.4;
				MTL_ENABLE_DEBUG_INFO = INCLUDE_SOURCE;
				MTL_FAST_MATH = YES;
				ONLY_ACTIVE_ARCH = YES;
				SDKROOT = iphoneos;
			};
			name = Debug;
		};
/* End XCBuildConfiguration section */

/* Begin XCConfigurationList section */
		2DD954068F703D0C96E7C203 /* Build configuration list for PBXNativeTarget "MyUIKitUITests" */ = {
			isa = XCConfigurationList;
			buildConfigurations = (
				2DD950EDEB6A338D53EA7E91 /* Debug */,
				2DD959392C206B8F1CEB0CA1 /* Release */,
			);
			defaultConfigurationIsVisible = 0;
			defaultConfigurationName = Release;
		};
		2DD9543507B28A77E3E16F42 /* Build configuration list for PBXNativeTarget "MyUIKitTests" */ = {
			isa = XCConfigurationList;
			buildConfigurations = (
				2DD95925E256A0626586E5E9 /* Debug */,
				2DD95DEA2F7A1A8AEE9A7E22 /* Release */,
			);
			defaultConfigurationIsVisible = 0;
			defaultConfigurationName = Release;
		};
		2DD955F1266D4FCC2EB00B15 /* Build configuration list for PBXProject "MyUIKit" */ = {
			isa = XCConfigurationList;
			buildConfigurations = (
				2DD95E79BD6FB3FC6432B506 /* Debug */,
				2DD95486E4FC73192805DAAE /* Release */,
			);
			defaultConfigurationIsVisible = 0;
			defaultConfigurationName = Release;
		};
		2DD95669FDC39206A4345284 /* Build configuration list for PBXNativeTarget "MyUIKit" */ = {
			isa = XCConfigurationList;
			buildConfigurations = (
				2DD95B90D5185DE0E7B59F9B /* Debug */,
				2DD95A7CD4935FB4429F979B /* Release */,
			);
			defaultConfigurationIsVisible = 0;
			defaultConfigurationName = Release;
		};
/* End XCConfigurationList section */
	};
	rootObject = 2DD95D8758ABD624113E7C0C /* Project object */;
}
